
Microsoft Visual Studio Solution File, Format Version 12.00
# Visual Studio Version 16
VisualStudioVersion = 16.0.31702.278
MinimumVisualStudioVersion = 10.0.40219.1
Project("{9A19103F-16F7-4668-BE54-9A1E7A4F7556}") = "FirstHomeWork1", "FirstHomeWork1\FirstHomeWork1.csproj", "{D1B36108-C778-4247-BFFA-571744864F58}"
EndProject
Project("{9A19103F-16F7-4668-BE54-9A1E7A4F7556}") = "SecondHomeWork", "SecondHomeWork\SecondHomeWork.csproj", "{9DAABEA3-1545-4A21-944E-E112C9577209}"
EndProject
Project("{9A19103F-16F7-4668-BE54-9A1E7A4F7556}") = "Circuls", "Circuls\Circuls.csproj", "{3F3A4BD4-828A-4957-A1BD-16F0E010C654}"
EndProject
Project("{9A19103F-16F7-4668-BE54-9A1E7A4F7556}") = "Arrays", "Arrays\Arrays.csproj", "{BEDED49B-F03F-46DD-9AC7-A8FC42CF7C1F}"
EndProject
Project("{FAE04EC0-301F-11D3-BF4B-00C04F79EFBC}") = "DoubleArrays", "DoubleArrays\DoubleArrays.csproj", "{3FDAFDE6-02B9-4023-A82B-5586224A9E4D}"
EndProject
Global
	GlobalSection(SolutionConfigurationPlatforms) = preSolution
		Debug|Any CPU = Debug|Any CPU
		Release|Any CPU = Release|Any CPU
	EndGlobalSection
	GlobalSection(ProjectConfigurationPlatforms) = postSolution
		{D1B36108-C778-4247-BFFA-571744864F58}.Debug|Any CPU.ActiveCfg = Debug|Any CPU
		{D1B36108-C778-4247-BFFA-571744864F58}.Debug|Any CPU.Build.0 = Debug|Any CPU
		{D1B36108-C778-4247-BFFA-571744864F58}.Release|Any CPU.ActiveCfg = Release|Any CPU
		{D1B36108-C778-4247-BFFA-571744864F58}.Release|Any CPU.Build.0 = Release|Any CPU
		{9DAABEA3-1545-4A21-944E-E112C9577209}.Debug|Any CPU.ActiveCfg = Debug|Any CPU
		{9DAABEA3-1545-4A21-944E-E112C9577209}.Debug|Any CPU.Build.0 = Debug|Any CPU
		{9DAABEA3-1545-4A21-944E-E112C9577209}.Release|Any CPU.ActiveCfg = Release|Any CPU
		{9DAABEA3-1545-4A21-944E-E112C9577209}.Release|Any CPU.Build.0 = Release|Any CPU
		{3F3A4BD4-828A-4957-A1BD-16F0E010C654}.Debug|Any CPU.ActiveCfg = Debug|Any CPU
		{3F3A4BD4-828A-4957-A1BD-16F0E010C654}.Debug|Any CPU.Build.0 = Debug|Any CPU
		{3F3A4BD4-828A-4957-A1BD-16F0E010C654}.Release|Any CPU.ActiveCfg = Release|Any CPU
		{3F3A4BD4-828A-4957-A1BD-16F0E010C654}.Release|Any CPU.Build.0 = Release|Any CPU
		{BEDED49B-F03F-46DD-9AC7-A8FC42CF7C1F}.Debug|Any CPU.ActiveCfg = Debug|Any CPU
		{BEDED49B-F03F-46DD-9AC7-A8FC42CF7C1F}.Debug|Any CPU.Build.0 = Debug|Any CPU
		{BEDED49B-F03F-46DD-9AC7-A8FC42CF7C1F}.Release|Any CPU.ActiveCfg = Release|Any CPU
		{BEDED49B-F03F-46DD-9AC7-A8FC42CF7C1F}.Release|Any CPU.Build.0 = Release|Any CPU
		{3FDAFDE6-02B9-4023-A82B-5586224A9E4D}.Debug|Any CPU.ActiveCfg = Debug|Any CPU
		{3FDAFDE6-02B9-4023-A82B-5586224A9E4D}.Debug|Any CPU.Build.0 = Debug|Any CPU
		{3FDAFDE6-02B9-4023-A82B-5586224A9E4D}.Release|Any CPU.ActiveCfg = Release|Any CPU
		{3FDAFDE6-02B9-4023-A82B-5586224A9E4D}.Release|Any CPU.Build.0 = Release|Any CPU
	EndGlobalSection
	GlobalSection(SolutionProperties) = preSolution
		HideSolutionNode = FALSE
	EndGlobalSection
	GlobalSection(ExtensibilityGlobals) = postSolution
		SolutionGuid = {50A7FF67-7ADB-4160-995A-5E13086D61AF}
	EndGlobalSection
EndGlobal
